
Microsoft Visual Studio Solution File, Format Version 12.00
# Visual Studio Version 17
VisualStudioVersion = 17.14.36121.58
MinimumVisualStudioVersion = 10.0.40219.1
Project("{FAE04EC0-301F-11D3-BF4B-00C04F79EFBC}") = "Fiap.Api.VerdeVolt", "Fiap.Api.VerdeVolt.csproj", "{D1B71BC6-8BA3-42AA-AB58-D1811444CC9E}"
EndProject
Project("{FAE04EC0-301F-11D3-BF4B-00C04F79EFBC}") = "Fiap.Api.VerdeVolt.Test", "..\Fiap.Api.VerdeVolt.Test\Fiap.Api.VerdeVolt.Test.csproj", "{205552AD-7BFF-4764-9AEB-7BF02E01CEC5}"
EndProject
Global
	GlobalSection(SolutionConfigurationPlatforms) = preSolution
		Debug|Any CPU = Debug|Any CPU
		Release|Any CPU = Release|Any CPU
	EndGlobalSection
	GlobalSection(ProjectConfigurationPlatforms) = postSolution
		{D1B71BC6-8BA3-42AA-AB58-D1811444CC9E}.Debug|Any CPU.ActiveCfg = Debug|Any CPU
		{D1B71BC6-8BA3-42AA-AB58-D1811444CC9E}.Debug|Any CPU.Build.0 = Debug|Any CPU
		{D1B71BC6-8BA3-42AA-AB58-D1811444CC9E}.Release|Any CPU.ActiveCfg = Release|Any CPU
		{D1B71BC6-8BA3-42AA-AB58-D1811444CC9E}.Release|Any CPU.Build.0 = Release|Any CPU
		{205552AD-7BFF-4764-9AEB-7BF02E01CEC5}.Debug|Any CPU.ActiveCfg = Debug|Any CPU
		{205552AD-7BFF-4764-9AEB-7BF02E01CEC5}.Debug|Any CPU.Build.0 = Debug|Any CPU
		{205552AD-7BFF-4764-9AEB-7BF02E01CEC5}.Release|Any CPU.ActiveCfg = Release|Any CPU
		{205552AD-7BFF-4764-9AEB-7BF02E01CEC5}.Release|Any CPU.Build.0 = Release|Any CPU
	EndGlobalSection
	GlobalSection(SolutionProperties) = preSolution
		HideSolutionNode = FALSE
	EndGlobalSection
	GlobalSection(ExtensibilityGlobals) = postSolution
		SolutionGuid = {1A70F870-ABD5-447A-B00A-60723031C56D}
	EndGlobalSection
EndGlobal
